
Microsoft Visual Studio Solution File, Format Version 12.00
# Visual Studio Version 17
VisualStudioVersion = 17.5.002.0
MinimumVisualStudioVersion = 10.0.40219.1
Project("{9A19103F-16F7-4668-BE54-9A1E7A4F7556}") = "C1", "C1.csproj", "{27D32CB2-26D9-4999-993D-3B005E9A6B7D}"
EndProject
Global
	GlobalSection(SolutionConfigurationPlatforms) = preSolution
		Debug|Any CPU = Debug|Any CPU
		Release|Any CPU = Release|Any CPU
	EndGlobalSection
	GlobalSection(ProjectConfigurationPlatforms) = postSolution
		{27D32CB2-26D9-4999-993D-3B005E9A6B7D}.Debug|Any CPU.ActiveCfg = Debug|Any CPU
		{27D32CB2-26D9-4999-993D-3B005E9A6B7D}.Debug|Any CPU.Build.0 = Debug|Any CPU
		{27D32CB2-26D9-4999-993D-3B005E9A6B7D}.Release|Any CPU.ActiveCfg = Release|Any CPU
		{27D32CB2-26D9-4999-993D-3B005E9A6B7D}.Release|Any CPU.Build.0 = Release|Any CPU
	EndGlobalSection
	GlobalSection(SolutionProperties) = preSolution
		HideSolutionNode = FALSE
	EndGlobalSection
	GlobalSection(ExtensibilityGlobals) = postSolution
		SolutionGuid = {165C1B30-F131-4AF7-B678-666E8E3B34A6}
	EndGlobalSection
EndGlobal
