
Microsoft Visual Studio Solution File, Format Version 12.00
# Visual Studio Version 17
VisualStudioVersion = 17.5.002.0
MinimumVisualStudioVersion = 10.0.40219.1
Project("{9A19103F-16F7-4668-BE54-9A1E7A4F7556}") = "S", "S.csproj", "{9821A301-34ED-4717-8102-6A19B7F18EA3}"
EndProject
Global
	GlobalSection(SolutionConfigurationPlatforms) = preSolution
		Debug|Any CPU = Debug|Any CPU
		Release|Any CPU = Release|Any CPU
	EndGlobalSection
	GlobalSection(ProjectConfigurationPlatforms) = postSolution
		{9821A301-34ED-4717-8102-6A19B7F18EA3}.Debug|Any CPU.ActiveCfg = Debug|Any CPU
		{9821A301-34ED-4717-8102-6A19B7F18EA3}.Debug|Any CPU.Build.0 = Debug|Any CPU
		{9821A301-34ED-4717-8102-6A19B7F18EA3}.Release|Any CPU.ActiveCfg = Release|Any CPU
		{9821A301-34ED-4717-8102-6A19B7F18EA3}.Release|Any CPU.Build.0 = Release|Any CPU
	EndGlobalSection
	GlobalSection(SolutionProperties) = preSolution
		HideSolutionNode = FALSE
	EndGlobalSection
	GlobalSection(ExtensibilityGlobals) = postSolution
		SolutionGuid = {6B3EBCE9-B693-41D5-8136-9AE15D6032FC}
	EndGlobalSection
EndGlobal
